
Microsoft Visual Studio Solution File, Format Version 12.00
# Visual Studio 15
VisualStudioVersion = 15.0.28307.572
MinimumVisualStudioVersion = 10.0.40219.1
Project("{FAE04EC0-301F-11D3-BF4B-00C04F79EFBC}") = "ConsoleApp6", "ConsoleApp6\ConsoleApp6.csproj", "{11B850D5-BD67-423A-B52C-8C24D500B978}"
EndProject
Global
	GlobalSection(SolutionConfigurationPlatforms) = preSolution
		Debug|Any CPU = Debug|Any CPU
		Release|Any CPU = Release|Any CPU
	EndGlobalSection
	GlobalSection(ProjectConfigurationPlatforms) = postSolution
		{11B850D5-BD67-423A-B52C-8C24D500B978}.Debug|Any CPU.ActiveCfg = Debug|Any CPU
		{11B850D5-BD67-423A-B52C-8C24D500B978}.Debug|Any CPU.Build.0 = Debug|Any CPU
		{11B850D5-BD67-423A-B52C-8C24D500B978}.Release|Any CPU.ActiveCfg = Release|Any CPU
		{11B850D5-BD67-423A-B52C-8C24D500B978}.Release|Any CPU.Build.0 = Release|Any CPU
	EndGlobalSection
	GlobalSection(SolutionProperties) = preSolution
		HideSolutionNode = FALSE
	EndGlobalSection
	GlobalSection(ExtensibilityGlobals) = postSolution
		SolutionGuid = {E79DF84F-9217-40C3-8778-F2AD2FD950FF}
	EndGlobalSection
EndGlobal
