
Microsoft Visual Studio Solution File, Format Version 12.00
# Visual Studio 15
VisualStudioVersion = 15.0.28307.421
MinimumVisualStudioVersion = 10.0.40219.1
Project("{FAE04EC0-301F-11D3-BF4B-00C04F79EFBC}") = "ListFilter", "ListFilter\ListFilter.csproj", "{A933B04B-EA8E-48BD-BF03-1E216E75DDDA}"
EndProject
Global
	GlobalSection(SolutionConfigurationPlatforms) = preSolution
		Debug|Any CPU = Debug|Any CPU
		Release|Any CPU = Release|Any CPU
	EndGlobalSection
	GlobalSection(ProjectConfigurationPlatforms) = postSolution
		{A933B04B-EA8E-48BD-BF03-1E216E75DDDA}.Debug|Any CPU.ActiveCfg = Debug|Any CPU
		{A933B04B-EA8E-48BD-BF03-1E216E75DDDA}.Debug|Any CPU.Build.0 = Debug|Any CPU
		{A933B04B-EA8E-48BD-BF03-1E216E75DDDA}.Release|Any CPU.ActiveCfg = Release|Any CPU
		{A933B04B-EA8E-48BD-BF03-1E216E75DDDA}.Release|Any CPU.Build.0 = Release|Any CPU
	EndGlobalSection
	GlobalSection(SolutionProperties) = preSolution
		HideSolutionNode = FALSE
	EndGlobalSection
	GlobalSection(ExtensibilityGlobals) = postSolution
		SolutionGuid = {F7391F09-5B98-4088-B901-E1961C8AD6D3}
	EndGlobalSection
EndGlobal
