
Microsoft Visual Studio Solution File, Format Version 12.00
# Visual Studio 15
VisualStudioVersion = 15.0.28307.421
MinimumVisualStudioVersion = 10.0.40219.1
Project("{FAE04EC0-301F-11D3-BF4B-00C04F79EFBC}") = "StarWars1", "StarWars1\StarWars1.csproj", "{3F5715D2-98F9-49B6-B691-4EECB91A2058}"
EndProject
Global
	GlobalSection(SolutionConfigurationPlatforms) = preSolution
		Debug|Any CPU = Debug|Any CPU
		Release|Any CPU = Release|Any CPU
	EndGlobalSection
	GlobalSection(ProjectConfigurationPlatforms) = postSolution
		{3F5715D2-98F9-49B6-B691-4EECB91A2058}.Debug|Any CPU.ActiveCfg = Debug|Any CPU
		{3F5715D2-98F9-49B6-B691-4EECB91A2058}.Debug|Any CPU.Build.0 = Debug|Any CPU
		{3F5715D2-98F9-49B6-B691-4EECB91A2058}.Release|Any CPU.ActiveCfg = Release|Any CPU
		{3F5715D2-98F9-49B6-B691-4EECB91A2058}.Release|Any CPU.Build.0 = Release|Any CPU
	EndGlobalSection
	GlobalSection(SolutionProperties) = preSolution
		HideSolutionNode = FALSE
	EndGlobalSection
	GlobalSection(ExtensibilityGlobals) = postSolution
		SolutionGuid = {91705DE6-3F08-4BEF-8B50-D16EC8075B62}
	EndGlobalSection
EndGlobal
