
Microsoft Visual Studio Solution File, Format Version 12.00
# Visual Studio 15
VisualStudioVersion = 15.0.28307.421
MinimumVisualStudioVersion = 10.0.40219.1
Project("{FAE04EC0-301F-11D3-BF4B-00C04F79EFBC}") = "PeopleAndNestedObjects", "PeopleAndNestedObjects\PeopleAndNestedObjects.csproj", "{61EF11BA-C08F-41AD-A462-5F5659253E89}"
EndProject
Global
	GlobalSection(SolutionConfigurationPlatforms) = preSolution
		Debug|Any CPU = Debug|Any CPU
		Release|Any CPU = Release|Any CPU
	EndGlobalSection
	GlobalSection(ProjectConfigurationPlatforms) = postSolution
		{61EF11BA-C08F-41AD-A462-5F5659253E89}.Debug|Any CPU.ActiveCfg = Debug|Any CPU
		{61EF11BA-C08F-41AD-A462-5F5659253E89}.Debug|Any CPU.Build.0 = Debug|Any CPU
		{61EF11BA-C08F-41AD-A462-5F5659253E89}.Release|Any CPU.ActiveCfg = Release|Any CPU
		{61EF11BA-C08F-41AD-A462-5F5659253E89}.Release|Any CPU.Build.0 = Release|Any CPU
	EndGlobalSection
	GlobalSection(SolutionProperties) = preSolution
		HideSolutionNode = FALSE
	EndGlobalSection
	GlobalSection(ExtensibilityGlobals) = postSolution
		SolutionGuid = {B8F2E99F-3779-4601-BFA2-E9623762FA18}
	EndGlobalSection
EndGlobal
