
Microsoft Visual Studio Solution File, Format Version 12.00
# Visual Studio 15
VisualStudioVersion = 15.0.28307.421
MinimumVisualStudioVersion = 10.0.40219.1
Project("{FAE04EC0-301F-11D3-BF4B-00C04F79EFBC}") = "SchoolRegistration", "SchoolRegistration\SchoolRegistration.csproj", "{9BFE3CB6-BCA5-4F11-86F3-285F0BF3C1A1}"
EndProject
Global
	GlobalSection(SolutionConfigurationPlatforms) = preSolution
		Debug|Any CPU = Debug|Any CPU
		Release|Any CPU = Release|Any CPU
	EndGlobalSection
	GlobalSection(ProjectConfigurationPlatforms) = postSolution
		{9BFE3CB6-BCA5-4F11-86F3-285F0BF3C1A1}.Debug|Any CPU.ActiveCfg = Debug|Any CPU
		{9BFE3CB6-BCA5-4F11-86F3-285F0BF3C1A1}.Debug|Any CPU.Build.0 = Debug|Any CPU
		{9BFE3CB6-BCA5-4F11-86F3-285F0BF3C1A1}.Release|Any CPU.ActiveCfg = Release|Any CPU
		{9BFE3CB6-BCA5-4F11-86F3-285F0BF3C1A1}.Release|Any CPU.Build.0 = Release|Any CPU
	EndGlobalSection
	GlobalSection(SolutionProperties) = preSolution
		HideSolutionNode = FALSE
	EndGlobalSection
	GlobalSection(ExtensibilityGlobals) = postSolution
		SolutionGuid = {C4BB552D-3B86-442E-93C2-46F1EEB14590}
	EndGlobalSection
EndGlobal
