
Microsoft Visual Studio Solution File, Format Version 12.00
# Visual Studio 15
VisualStudioVersion = 15.0.28307.421
MinimumVisualStudioVersion = 10.0.40219.1
Project("{FAE04EC0-301F-11D3-BF4B-00C04F79EFBC}") = "TriangularInRange", "TriangularInRange\TriangularInRange.csproj", "{81694A68-D083-4BF2-BA0F-77490795FAFF}"
EndProject
Global
	GlobalSection(SolutionConfigurationPlatforms) = preSolution
		Debug|Any CPU = Debug|Any CPU
		Release|Any CPU = Release|Any CPU
	EndGlobalSection
	GlobalSection(ProjectConfigurationPlatforms) = postSolution
		{81694A68-D083-4BF2-BA0F-77490795FAFF}.Debug|Any CPU.ActiveCfg = Debug|Any CPU
		{81694A68-D083-4BF2-BA0F-77490795FAFF}.Debug|Any CPU.Build.0 = Debug|Any CPU
		{81694A68-D083-4BF2-BA0F-77490795FAFF}.Release|Any CPU.ActiveCfg = Release|Any CPU
		{81694A68-D083-4BF2-BA0F-77490795FAFF}.Release|Any CPU.Build.0 = Release|Any CPU
	EndGlobalSection
	GlobalSection(SolutionProperties) = preSolution
		HideSolutionNode = FALSE
	EndGlobalSection
	GlobalSection(ExtensibilityGlobals) = postSolution
		SolutionGuid = {A62300C3-D498-4786-9A87-014CD4073859}
	EndGlobalSection
EndGlobal
