
Microsoft Visual Studio Solution File, Format Version 12.00
# Visual Studio 15
VisualStudioVersion = 15.0.28307.572
MinimumVisualStudioVersion = 10.0.40219.1
Project("{FAE04EC0-301F-11D3-BF4B-00C04F79EFBC}") = "Multiplier", "Multiplier\Multiplier.csproj", "{0218E2F1-9219-462E-AC38-F193CD235631}"
EndProject
Global
	GlobalSection(SolutionConfigurationPlatforms) = preSolution
		Debug|Any CPU = Debug|Any CPU
		Release|Any CPU = Release|Any CPU
	EndGlobalSection
	GlobalSection(ProjectConfigurationPlatforms) = postSolution
		{0218E2F1-9219-462E-AC38-F193CD235631}.Debug|Any CPU.ActiveCfg = Debug|Any CPU
		{0218E2F1-9219-462E-AC38-F193CD235631}.Debug|Any CPU.Build.0 = Debug|Any CPU
		{0218E2F1-9219-462E-AC38-F193CD235631}.Release|Any CPU.ActiveCfg = Release|Any CPU
		{0218E2F1-9219-462E-AC38-F193CD235631}.Release|Any CPU.Build.0 = Release|Any CPU
	EndGlobalSection
	GlobalSection(SolutionProperties) = preSolution
		HideSolutionNode = FALSE
	EndGlobalSection
	GlobalSection(ExtensibilityGlobals) = postSolution
		SolutionGuid = {5D760A1C-54F6-4147-BA6A-0AC36F32AA4B}
	EndGlobalSection
EndGlobal
