
Microsoft Visual Studio Solution File, Format Version 12.00
# Visual Studio 15
VisualStudioVersion = 15.0.28307.572
MinimumVisualStudioVersion = 10.0.40219.1
Project("{FAE04EC0-301F-11D3-BF4B-00C04F79EFBC}") = "CartsAndProducts", "CartsAndProducts\CartsAndProducts.csproj", "{40FDE63D-89BE-487B-A3AA-3AB2FDC0F444}"
EndProject
Global
	GlobalSection(SolutionConfigurationPlatforms) = preSolution
		Debug|Any CPU = Debug|Any CPU
		Release|Any CPU = Release|Any CPU
	EndGlobalSection
	GlobalSection(ProjectConfigurationPlatforms) = postSolution
		{40FDE63D-89BE-487B-A3AA-3AB2FDC0F444}.Debug|Any CPU.ActiveCfg = Debug|Any CPU
		{40FDE63D-89BE-487B-A3AA-3AB2FDC0F444}.Debug|Any CPU.Build.0 = Debug|Any CPU
		{40FDE63D-89BE-487B-A3AA-3AB2FDC0F444}.Release|Any CPU.ActiveCfg = Release|Any CPU
		{40FDE63D-89BE-487B-A3AA-3AB2FDC0F444}.Release|Any CPU.Build.0 = Release|Any CPU
	EndGlobalSection
	GlobalSection(SolutionProperties) = preSolution
		HideSolutionNode = FALSE
	EndGlobalSection
	GlobalSection(ExtensibilityGlobals) = postSolution
		SolutionGuid = {B3CE5918-C2E5-4C30-BC72-75B682F90BAD}
	EndGlobalSection
EndGlobal
