
Microsoft Visual Studio Solution File, Format Version 12.00
# Visual Studio 15
VisualStudioVersion = 15.0.28307.572
MinimumVisualStudioVersion = 10.0.40219.1
Project("{FAE04EC0-301F-11D3-BF4B-00C04F79EFBC}") = "TrafficLightsAndCar", "TrafficLightsAndCar\TrafficLightsAndCar.csproj", "{41A82A13-B749-408E-80F8-D45B146CFC58}"
EndProject
Global
	GlobalSection(SolutionConfigurationPlatforms) = preSolution
		Debug|Any CPU = Debug|Any CPU
		Release|Any CPU = Release|Any CPU
	EndGlobalSection
	GlobalSection(ProjectConfigurationPlatforms) = postSolution
		{41A82A13-B749-408E-80F8-D45B146CFC58}.Debug|Any CPU.ActiveCfg = Debug|Any CPU
		{41A82A13-B749-408E-80F8-D45B146CFC58}.Debug|Any CPU.Build.0 = Debug|Any CPU
		{41A82A13-B749-408E-80F8-D45B146CFC58}.Release|Any CPU.ActiveCfg = Release|Any CPU
		{41A82A13-B749-408E-80F8-D45B146CFC58}.Release|Any CPU.Build.0 = Release|Any CPU
	EndGlobalSection
	GlobalSection(SolutionProperties) = preSolution
		HideSolutionNode = FALSE
	EndGlobalSection
	GlobalSection(ExtensibilityGlobals) = postSolution
		SolutionGuid = {23C4B6E7-2BF6-4BCA-9F59-71FC4FCD555C}
	EndGlobalSection
EndGlobal
