
Microsoft Visual Studio Solution File, Format Version 12.00
# Visual Studio 15
VisualStudioVersion = 15.0.28307.421
MinimumVisualStudioVersion = 10.0.40219.1
Project("{FAE04EC0-301F-11D3-BF4B-00C04F79EFBC}") = "SimpleLogger", "SimpleLogger\SimpleLogger.csproj", "{B374A9FC-2467-4D94-8E28-EAC7B08EFE50}"
EndProject
Project("{FAE04EC0-301F-11D3-BF4B-00C04F79EFBC}") = "LoggerTester", "LoggerTester\LoggerTester.csproj", "{5B065E73-C719-4497-BE72-319EAB1D8E53}"
EndProject
Global
	GlobalSection(SolutionConfigurationPlatforms) = preSolution
		Debug|Any CPU = Debug|Any CPU
		Release|Any CPU = Release|Any CPU
	EndGlobalSection
	GlobalSection(ProjectConfigurationPlatforms) = postSolution
		{B374A9FC-2467-4D94-8E28-EAC7B08EFE50}.Debug|Any CPU.ActiveCfg = Debug|Any CPU
		{B374A9FC-2467-4D94-8E28-EAC7B08EFE50}.Debug|Any CPU.Build.0 = Debug|Any CPU
		{B374A9FC-2467-4D94-8E28-EAC7B08EFE50}.Release|Any CPU.ActiveCfg = Release|Any CPU
		{B374A9FC-2467-4D94-8E28-EAC7B08EFE50}.Release|Any CPU.Build.0 = Release|Any CPU
		{5B065E73-C719-4497-BE72-319EAB1D8E53}.Debug|Any CPU.ActiveCfg = Debug|Any CPU
		{5B065E73-C719-4497-BE72-319EAB1D8E53}.Debug|Any CPU.Build.0 = Debug|Any CPU
		{5B065E73-C719-4497-BE72-319EAB1D8E53}.Release|Any CPU.ActiveCfg = Release|Any CPU
		{5B065E73-C719-4497-BE72-319EAB1D8E53}.Release|Any CPU.Build.0 = Release|Any CPU
	EndGlobalSection
	GlobalSection(SolutionProperties) = preSolution
		HideSolutionNode = FALSE
	EndGlobalSection
	GlobalSection(ExtensibilityGlobals) = postSolution
		SolutionGuid = {B06EC784-48C9-43EF-A7AB-FB1C9CB95627}
	EndGlobalSection
EndGlobal
