
Microsoft Visual Studio Solution File, Format Version 12.00
# Visual Studio 15
VisualStudioVersion = 15.0.28307.421
MinimumVisualStudioVersion = 10.0.40219.1
Project("{FAE04EC0-301F-11D3-BF4B-00C04F79EFBC}") = "Exercises", "Exercises\Exercises.csproj", "{6EBB26CF-6873-41CC-B465-C7712F63B753}"
EndProject
Global
	GlobalSection(SolutionConfigurationPlatforms) = preSolution
		Debug|Any CPU = Debug|Any CPU
		Release|Any CPU = Release|Any CPU
	EndGlobalSection
	GlobalSection(ProjectConfigurationPlatforms) = postSolution
		{6EBB26CF-6873-41CC-B465-C7712F63B753}.Debug|Any CPU.ActiveCfg = Debug|Any CPU
		{6EBB26CF-6873-41CC-B465-C7712F63B753}.Debug|Any CPU.Build.0 = Debug|Any CPU
		{6EBB26CF-6873-41CC-B465-C7712F63B753}.Release|Any CPU.ActiveCfg = Release|Any CPU
		{6EBB26CF-6873-41CC-B465-C7712F63B753}.Release|Any CPU.Build.0 = Release|Any CPU
	EndGlobalSection
	GlobalSection(SolutionProperties) = preSolution
		HideSolutionNode = FALSE
	EndGlobalSection
	GlobalSection(ExtensibilityGlobals) = postSolution
		SolutionGuid = {8EE589BC-FDFB-43B0-8B65-81EF62DD0509}
	EndGlobalSection
EndGlobal
