
Microsoft Visual Studio Solution File, Format Version 12.00
# Visual Studio 15
VisualStudioVersion = 15.0.28307.572
MinimumVisualStudioVersion = 10.0.40219.1
Project("{FAE04EC0-301F-11D3-BF4B-00C04F79EFBC}") = "NotifyingList", "NotifyingList\NotifyingList.csproj", "{CC660C53-5C67-4752-9C36-42C0F4DE76B1}"
EndProject
Global
	GlobalSection(SolutionConfigurationPlatforms) = preSolution
		Debug|Any CPU = Debug|Any CPU
		Release|Any CPU = Release|Any CPU
	EndGlobalSection
	GlobalSection(ProjectConfigurationPlatforms) = postSolution
		{CC660C53-5C67-4752-9C36-42C0F4DE76B1}.Debug|Any CPU.ActiveCfg = Debug|Any CPU
		{CC660C53-5C67-4752-9C36-42C0F4DE76B1}.Debug|Any CPU.Build.0 = Debug|Any CPU
		{CC660C53-5C67-4752-9C36-42C0F4DE76B1}.Release|Any CPU.ActiveCfg = Release|Any CPU
		{CC660C53-5C67-4752-9C36-42C0F4DE76B1}.Release|Any CPU.Build.0 = Release|Any CPU
	EndGlobalSection
	GlobalSection(SolutionProperties) = preSolution
		HideSolutionNode = FALSE
	EndGlobalSection
	GlobalSection(ExtensibilityGlobals) = postSolution
		SolutionGuid = {390D165D-0D72-4652-B0EC-C2226EC758CE}
	EndGlobalSection
EndGlobal
