
Microsoft Visual Studio Solution File, Format Version 12.00
# Visual Studio 15
VisualStudioVersion = 15.0.28307.168
MinimumVisualStudioVersion = 10.0.40219.1
Project("{FAE04EC0-301F-11D3-BF4B-00C04F79EFBC}") = "Exponentiation", "Exponentiation\Exponentiation.csproj", "{288E24E9-12D7-4586-8A1C-3E05D267B215}"
EndProject
Global
	GlobalSection(SolutionConfigurationPlatforms) = preSolution
		Debug|Any CPU = Debug|Any CPU
		Release|Any CPU = Release|Any CPU
	EndGlobalSection
	GlobalSection(ProjectConfigurationPlatforms) = postSolution
		{288E24E9-12D7-4586-8A1C-3E05D267B215}.Debug|Any CPU.ActiveCfg = Debug|Any CPU
		{288E24E9-12D7-4586-8A1C-3E05D267B215}.Debug|Any CPU.Build.0 = Debug|Any CPU
		{288E24E9-12D7-4586-8A1C-3E05D267B215}.Release|Any CPU.ActiveCfg = Release|Any CPU
		{288E24E9-12D7-4586-8A1C-3E05D267B215}.Release|Any CPU.Build.0 = Release|Any CPU
	EndGlobalSection
	GlobalSection(SolutionProperties) = preSolution
		HideSolutionNode = FALSE
	EndGlobalSection
	GlobalSection(ExtensibilityGlobals) = postSolution
		SolutionGuid = {504AF452-9AF1-44CD-9C59-C85EF79CCA3C}
	EndGlobalSection
EndGlobal
