
Microsoft Visual Studio Solution File, Format Version 12.00
# Visual Studio 15
VisualStudioVersion = 15.0.28307.572
MinimumVisualStudioVersion = 10.0.40219.1
Project("{FAE04EC0-301F-11D3-BF4B-00C04F79EFBC}") = "LinqTests", "LinqTests\LinqTests.csproj", "{58961612-04B5-4143-95AD-3A79BACAA155}"
EndProject
Global
	GlobalSection(SolutionConfigurationPlatforms) = preSolution
		Debug|Any CPU = Debug|Any CPU
		Release|Any CPU = Release|Any CPU
	EndGlobalSection
	GlobalSection(ProjectConfigurationPlatforms) = postSolution
		{58961612-04B5-4143-95AD-3A79BACAA155}.Debug|Any CPU.ActiveCfg = Debug|Any CPU
		{58961612-04B5-4143-95AD-3A79BACAA155}.Debug|Any CPU.Build.0 = Debug|Any CPU
		{58961612-04B5-4143-95AD-3A79BACAA155}.Release|Any CPU.ActiveCfg = Release|Any CPU
		{58961612-04B5-4143-95AD-3A79BACAA155}.Release|Any CPU.Build.0 = Release|Any CPU
	EndGlobalSection
	GlobalSection(SolutionProperties) = preSolution
		HideSolutionNode = FALSE
	EndGlobalSection
	GlobalSection(ExtensibilityGlobals) = postSolution
		SolutionGuid = {ED314FE7-AE44-4748-B6EF-F383188972FD}
	EndGlobalSection
EndGlobal
