
Microsoft Visual Studio Solution File, Format Version 12.00
# Visual Studio 15
VisualStudioVersion = 15.0.28307.421
MinimumVisualStudioVersion = 10.0.40219.1
Project("{FAE04EC0-301F-11D3-BF4B-00C04F79EFBC}") = "Test1_Dario_Palmisano", "Test1_Dario_Palmisano\Test1_Dario_Palmisano.csproj", "{D31ADE90-B72C-44E9-846F-3128BCC0F498}"
EndProject
Global
	GlobalSection(SolutionConfigurationPlatforms) = preSolution
		Debug|Any CPU = Debug|Any CPU
		Release|Any CPU = Release|Any CPU
	EndGlobalSection
	GlobalSection(ProjectConfigurationPlatforms) = postSolution
		{D31ADE90-B72C-44E9-846F-3128BCC0F498}.Debug|Any CPU.ActiveCfg = Debug|Any CPU
		{D31ADE90-B72C-44E9-846F-3128BCC0F498}.Debug|Any CPU.Build.0 = Debug|Any CPU
		{D31ADE90-B72C-44E9-846F-3128BCC0F498}.Release|Any CPU.ActiveCfg = Release|Any CPU
		{D31ADE90-B72C-44E9-846F-3128BCC0F498}.Release|Any CPU.Build.0 = Release|Any CPU
	EndGlobalSection
	GlobalSection(SolutionProperties) = preSolution
		HideSolutionNode = FALSE
	EndGlobalSection
	GlobalSection(ExtensibilityGlobals) = postSolution
		SolutionGuid = {DBC711B2-E1AA-4874-BE24-55815FB1A39F}
	EndGlobalSection
EndGlobal
