
Microsoft Visual Studio Solution File, Format Version 12.00
# Visual Studio 15
VisualStudioVersion = 15.0.28307.572
MinimumVisualStudioVersion = 10.0.40219.1
Project("{FAE04EC0-301F-11D3-BF4B-00C04F79EFBC}") = "CarsAndTrafficLights", "CarsAndTrafficLights\CarsAndTrafficLights.csproj", "{5AA38731-4032-45EC-AE45-C5527930E3F9}"
EndProject
Global
	GlobalSection(SolutionConfigurationPlatforms) = preSolution
		Debug|Any CPU = Debug|Any CPU
		Release|Any CPU = Release|Any CPU
	EndGlobalSection
	GlobalSection(ProjectConfigurationPlatforms) = postSolution
		{5AA38731-4032-45EC-AE45-C5527930E3F9}.Debug|Any CPU.ActiveCfg = Debug|Any CPU
		{5AA38731-4032-45EC-AE45-C5527930E3F9}.Debug|Any CPU.Build.0 = Debug|Any CPU
		{5AA38731-4032-45EC-AE45-C5527930E3F9}.Release|Any CPU.ActiveCfg = Release|Any CPU
		{5AA38731-4032-45EC-AE45-C5527930E3F9}.Release|Any CPU.Build.0 = Release|Any CPU
	EndGlobalSection
	GlobalSection(SolutionProperties) = preSolution
		HideSolutionNode = FALSE
	EndGlobalSection
	GlobalSection(ExtensibilityGlobals) = postSolution
		SolutionGuid = {82622D78-B1DF-4112-B3E2-29D78B56D87F}
	EndGlobalSection
EndGlobal
