
Microsoft Visual Studio Solution File, Format Version 12.00
# Visual Studio 15
VisualStudioVersion = 15.0.28307.572
MinimumVisualStudioVersion = 10.0.40219.1
Project("{FAE04EC0-301F-11D3-BF4B-00C04F79EFBC}") = "WallAndRooms", "WallAndRooms\WallAndRooms.csproj", "{12A94533-1EE8-4D3B-B826-355CF32998DD}"
EndProject
Global
	GlobalSection(SolutionConfigurationPlatforms) = preSolution
		Debug|Any CPU = Debug|Any CPU
		Release|Any CPU = Release|Any CPU
	EndGlobalSection
	GlobalSection(ProjectConfigurationPlatforms) = postSolution
		{12A94533-1EE8-4D3B-B826-355CF32998DD}.Debug|Any CPU.ActiveCfg = Debug|Any CPU
		{12A94533-1EE8-4D3B-B826-355CF32998DD}.Debug|Any CPU.Build.0 = Debug|Any CPU
		{12A94533-1EE8-4D3B-B826-355CF32998DD}.Release|Any CPU.ActiveCfg = Release|Any CPU
		{12A94533-1EE8-4D3B-B826-355CF32998DD}.Release|Any CPU.Build.0 = Release|Any CPU
	EndGlobalSection
	GlobalSection(SolutionProperties) = preSolution
		HideSolutionNode = FALSE
	EndGlobalSection
	GlobalSection(ExtensibilityGlobals) = postSolution
		SolutionGuid = {52BF8215-9393-4551-BC74-AFBF47281722}
	EndGlobalSection
EndGlobal
